
Microsoft Visual Studio Solution File, Format Version 12.00
# Visual Studio Version 16
VisualStudioVersion = 16.0.29709.97
MinimumVisualStudioVersion = 10.0.40219.1
Project("{9A19103F-16F7-4668-BE54-9A1E7A4F7556}") = "L22_C01_empty_asp_net_core_app", "L22_C01_empty_asp_net_core_app\L22_C01_empty_asp_net_core_app.csproj", "{DCDE9474-B8F7-422E-92C8-D98D2E69B5AD}"
EndProject
Project("{9A19103F-16F7-4668-BE54-9A1E7A4F7556}") = "L22_C02_empty_asp_net_core_app_final", "L22_C02_empty_asp_net_core_app_final\L22_C02_empty_asp_net_core_app_final.csproj", "{7DFCBE9D-A25F-4E8E-BF87-510C4DDBF1F2}"
EndProject
Global
	GlobalSection(SolutionConfigurationPlatforms) = preSolution
		Debug|Any CPU = Debug|Any CPU
		Release|Any CPU = Release|Any CPU
	EndGlobalSection
	GlobalSection(ProjectConfigurationPlatforms) = postSolution
		{DCDE9474-B8F7-422E-92C8-D98D2E69B5AD}.Debug|Any CPU.ActiveCfg = Debug|Any CPU
		{DCDE9474-B8F7-422E-92C8-D98D2E69B5AD}.Debug|Any CPU.Build.0 = Debug|Any CPU
		{DCDE9474-B8F7-422E-92C8-D98D2E69B5AD}.Release|Any CPU.ActiveCfg = Release|Any CPU
		{DCDE9474-B8F7-422E-92C8-D98D2E69B5AD}.Release|Any CPU.Build.0 = Release|Any CPU
		{7DFCBE9D-A25F-4E8E-BF87-510C4DDBF1F2}.Debug|Any CPU.ActiveCfg = Debug|Any CPU
		{7DFCBE9D-A25F-4E8E-BF87-510C4DDBF1F2}.Debug|Any CPU.Build.0 = Debug|Any CPU
		{7DFCBE9D-A25F-4E8E-BF87-510C4DDBF1F2}.Release|Any CPU.ActiveCfg = Release|Any CPU
		{7DFCBE9D-A25F-4E8E-BF87-510C4DDBF1F2}.Release|Any CPU.Build.0 = Release|Any CPU
	EndGlobalSection
	GlobalSection(SolutionProperties) = preSolution
		HideSolutionNode = FALSE
	EndGlobalSection
	GlobalSection(ExtensibilityGlobals) = postSolution
		SolutionGuid = {F997B8D2-04DD-4197-9374-4EEEB2479EB6}
	EndGlobalSection
EndGlobal
