
Microsoft Visual Studio Solution File, Format Version 12.00
# Visual Studio Version 16
VisualStudioVersion = 16.0.30523.141
MinimumVisualStudioVersion = 10.0.40219.1
Project("{FAE04EC0-301F-11D3-BF4B-00C04F79EFBC}") = "Console_App_HomeWork_06", "Console_App_HomeWork_06\Console_App_HomeWork_06.csproj", "{35F2FEC8-26C1-4D64-AACA-803E6C0A126D}"
EndProject
Global
	GlobalSection(SolutionConfigurationPlatforms) = preSolution
		Debug|Any CPU = Debug|Any CPU
		Release|Any CPU = Release|Any CPU
	EndGlobalSection
	GlobalSection(ProjectConfigurationPlatforms) = postSolution
		{35F2FEC8-26C1-4D64-AACA-803E6C0A126D}.Debug|Any CPU.ActiveCfg = Debug|Any CPU
		{35F2FEC8-26C1-4D64-AACA-803E6C0A126D}.Debug|Any CPU.Build.0 = Debug|Any CPU
		{35F2FEC8-26C1-4D64-AACA-803E6C0A126D}.Release|Any CPU.ActiveCfg = Release|Any CPU
		{35F2FEC8-26C1-4D64-AACA-803E6C0A126D}.Release|Any CPU.Build.0 = Release|Any CPU
	EndGlobalSection
	GlobalSection(SolutionProperties) = preSolution
		HideSolutionNode = FALSE
	EndGlobalSection
	GlobalSection(ExtensibilityGlobals) = postSolution
		SolutionGuid = {6E0DBDAF-0636-4143-BB74-041D94228B3C}
	EndGlobalSection
EndGlobal
