
Microsoft Visual Studio Solution File, Format Version 12.00
# Visual Studio Version 16
VisualStudioVersion = 16.0.30717.126
MinimumVisualStudioVersion = 10.0.40219.1
Project("{9A19103F-16F7-4668-BE54-9A1E7A4F7556}") = "HomeWork_13", "HomeWork_13.csproj", "{12F4528B-8486-4E2F-AD63-ED185DE89C41}"
EndProject
Global
	GlobalSection(SolutionConfigurationPlatforms) = preSolution
		Debug|Any CPU = Debug|Any CPU
		Release|Any CPU = Release|Any CPU
	EndGlobalSection
	GlobalSection(ProjectConfigurationPlatforms) = postSolution
		{12F4528B-8486-4E2F-AD63-ED185DE89C41}.Debug|Any CPU.ActiveCfg = Debug|Any CPU
		{12F4528B-8486-4E2F-AD63-ED185DE89C41}.Debug|Any CPU.Build.0 = Debug|Any CPU
		{12F4528B-8486-4E2F-AD63-ED185DE89C41}.Release|Any CPU.ActiveCfg = Release|Any CPU
		{12F4528B-8486-4E2F-AD63-ED185DE89C41}.Release|Any CPU.Build.0 = Release|Any CPU
	EndGlobalSection
	GlobalSection(SolutionProperties) = preSolution
		HideSolutionNode = FALSE
	EndGlobalSection
	GlobalSection(ExtensibilityGlobals) = postSolution
		SolutionGuid = {0D304483-3A42-4A4B-9009-7B7E76AC4F5F}
	EndGlobalSection
EndGlobal
