
Microsoft Visual Studio Solution File, Format Version 12.00
# Visual Studio 15
VisualStudioVersion = 15.0.28307.421
MinimumVisualStudioVersion = 10.0.40219.1
Project("{9A19103F-16F7-4668-BE54-9A1E7A4F7556}") = "L09_C01_simple_code_for_ildasm", "L09_C01_simple_code_for_ildasm\L09_C01_simple_code_for_ildasm.csproj", "{70B334A9-F7F9-4549-BF0D-844177FEDEB7}"
EndProject
Project("{9A19103F-16F7-4668-BE54-9A1E7A4F7556}") = "L09_C02_bubble_sort", "L09_C02_bubble_sort\L09_C02_bubble_sort.csproj", "{DB239C7D-257D-4813-8601-44B35F66B0D5}"
EndProject
Project("{9A19103F-16F7-4668-BE54-9A1E7A4F7556}") = "L09_C03_bubble_sort_calc_Big_O", "L09_C03_bubble_sort_calc_Big_O\L09_C03_bubble_sort_calc_Big_O.csproj", "{9EF4BF7D-85AE-4E86-852E-786BA92A754E}"
EndProject
Project("{9A19103F-16F7-4668-BE54-9A1E7A4F7556}") = "L09_C04_bubble_sort_calc_time", "L09_C04_bubble_sort_calc_time\L09_C04_bubble_sort_calc_time.csproj", "{CA3E27FF-2C40-44DC-B4CE-E42EBA0BFA58}"
EndProject
Project("{9A19103F-16F7-4668-BE54-9A1E7A4F7556}") = "L09_C05_bubble_vs_dotnet_sort", "L09_C05_bubble_vs_dotnet_sort\L09_C05_bubble_vs_dotnet_sort.csproj", "{D272C9C5-FC27-4631-9868-F767A2400CA4}"
EndProject
Project("{FAE04EC0-301F-11D3-BF4B-00C04F79EFBC}") = "L09_C06_ref_parameters", "L09_C06_ref_parameters\L09_C06_ref_parameters.csproj", "{77D93CC1-B07F-4AF4-82AA-82436605128F}"
EndProject
Global
	GlobalSection(SolutionConfigurationPlatforms) = preSolution
		Debug|Any CPU = Debug|Any CPU
		Release|Any CPU = Release|Any CPU
	EndGlobalSection
	GlobalSection(ProjectConfigurationPlatforms) = postSolution
		{70B334A9-F7F9-4549-BF0D-844177FEDEB7}.Debug|Any CPU.ActiveCfg = Debug|Any CPU
		{70B334A9-F7F9-4549-BF0D-844177FEDEB7}.Debug|Any CPU.Build.0 = Debug|Any CPU
		{70B334A9-F7F9-4549-BF0D-844177FEDEB7}.Release|Any CPU.ActiveCfg = Release|Any CPU
		{70B334A9-F7F9-4549-BF0D-844177FEDEB7}.Release|Any CPU.Build.0 = Release|Any CPU
		{DB239C7D-257D-4813-8601-44B35F66B0D5}.Debug|Any CPU.ActiveCfg = Debug|Any CPU
		{DB239C7D-257D-4813-8601-44B35F66B0D5}.Debug|Any CPU.Build.0 = Debug|Any CPU
		{DB239C7D-257D-4813-8601-44B35F66B0D5}.Release|Any CPU.ActiveCfg = Release|Any CPU
		{DB239C7D-257D-4813-8601-44B35F66B0D5}.Release|Any CPU.Build.0 = Release|Any CPU
		{9EF4BF7D-85AE-4E86-852E-786BA92A754E}.Debug|Any CPU.ActiveCfg = Debug|Any CPU
		{9EF4BF7D-85AE-4E86-852E-786BA92A754E}.Debug|Any CPU.Build.0 = Debug|Any CPU
		{9EF4BF7D-85AE-4E86-852E-786BA92A754E}.Release|Any CPU.ActiveCfg = Release|Any CPU
		{9EF4BF7D-85AE-4E86-852E-786BA92A754E}.Release|Any CPU.Build.0 = Release|Any CPU
		{CA3E27FF-2C40-44DC-B4CE-E42EBA0BFA58}.Debug|Any CPU.ActiveCfg = Debug|Any CPU
		{CA3E27FF-2C40-44DC-B4CE-E42EBA0BFA58}.Debug|Any CPU.Build.0 = Debug|Any CPU
		{CA3E27FF-2C40-44DC-B4CE-E42EBA0BFA58}.Release|Any CPU.ActiveCfg = Release|Any CPU
		{CA3E27FF-2C40-44DC-B4CE-E42EBA0BFA58}.Release|Any CPU.Build.0 = Release|Any CPU
		{D272C9C5-FC27-4631-9868-F767A2400CA4}.Debug|Any CPU.ActiveCfg = Debug|Any CPU
		{D272C9C5-FC27-4631-9868-F767A2400CA4}.Debug|Any CPU.Build.0 = Debug|Any CPU
		{D272C9C5-FC27-4631-9868-F767A2400CA4}.Release|Any CPU.ActiveCfg = Release|Any CPU
		{D272C9C5-FC27-4631-9868-F767A2400CA4}.Release|Any CPU.Build.0 = Release|Any CPU
		{77D93CC1-B07F-4AF4-82AA-82436605128F}.Debug|Any CPU.ActiveCfg = Debug|Any CPU
		{77D93CC1-B07F-4AF4-82AA-82436605128F}.Debug|Any CPU.Build.0 = Debug|Any CPU
		{77D93CC1-B07F-4AF4-82AA-82436605128F}.Release|Any CPU.ActiveCfg = Release|Any CPU
		{77D93CC1-B07F-4AF4-82AA-82436605128F}.Release|Any CPU.Build.0 = Release|Any CPU
	EndGlobalSection
	GlobalSection(SolutionProperties) = preSolution
		HideSolutionNode = FALSE
	EndGlobalSection
	GlobalSection(ExtensibilityGlobals) = postSolution
		SolutionGuid = {A9C8CBF4-FBD9-4404-A173-C64041F09F5F}
	EndGlobalSection
EndGlobal
