
Microsoft Visual Studio Solution File, Format Version 12.00
# Visual Studio 15
VisualStudioVersion = 15.0.28307.421
MinimumVisualStudioVersion = 10.0.40219.1
Project("{FAE04EC0-301F-11D3-BF4B-00C04F79EFBC}") = "ConsoleApp3", "ConsoleApp3\ConsoleApp3.csproj", "{FF0F0920-E130-4644-8D00-4161606AF9AE}"
EndProject
Global
	GlobalSection(SolutionConfigurationPlatforms) = preSolution
		Debug|Any CPU = Debug|Any CPU
		Release|Any CPU = Release|Any CPU
	EndGlobalSection
	GlobalSection(ProjectConfigurationPlatforms) = postSolution
		{FF0F0920-E130-4644-8D00-4161606AF9AE}.Debug|Any CPU.ActiveCfg = Debug|Any CPU
		{FF0F0920-E130-4644-8D00-4161606AF9AE}.Debug|Any CPU.Build.0 = Debug|Any CPU
		{FF0F0920-E130-4644-8D00-4161606AF9AE}.Release|Any CPU.ActiveCfg = Release|Any CPU
		{FF0F0920-E130-4644-8D00-4161606AF9AE}.Release|Any CPU.Build.0 = Release|Any CPU
	EndGlobalSection
	GlobalSection(SolutionProperties) = preSolution
		HideSolutionNode = FALSE
	EndGlobalSection
	GlobalSection(ExtensibilityGlobals) = postSolution
		SolutionGuid = {E5520EB8-9835-4E75-90B2-260BEAA633F9}
	EndGlobalSection
EndGlobal
